DEPENDENCIES
  opsworks_cookbook_demo
    path: .
    metadata: true

GRAPH
  application (5.2.0)
    poise (~> 2.4)
    poise-service (~> 1.0)
  application_javascript (1.0.0)
    application (~> 5.0)
    poise (~> 2.0)
    poise-javascript (~> 1.0)
    poise-service (~> 1.0)
  opsworks_cookbook_demo (0.0.0)
    application_javascript (~> 1.0.0)
  poise (2.8.2)
  poise-archive (1.5.0)
    poise (~> 2.6)
  poise-javascript (1.2.0)
    poise (~> 2.0)
    poise-languages (~> 2.0)
  poise-languages (2.1.2)
    poise (~> 2.5)
    poise-archive (~> 1.0)
  poise-service (1.5.2)
    poise (~> 2.0)
